// !$*UTF8*$!
{
	archiveVersion = 1;
	classes = {
	};
	objectVersion = 56;
	objects = {

/* Begin PBXBuildFile section */
		C5C2F33F2BC268B1005A891B /* CustomFonts.swift in Sources */ = {isa = PBXBuildFile; fileRef = C5C2F33E2BC268B1005A891B /* CustomFonts.swift */; };
		C5C2F3432BC27280005A891B /* CustomStyles.swift in Sources */ = {isa = PBXBuildFile; fileRef = C5C2F3422BC27280005A891B /* CustomStyles.swift */; };
		C5C2F3452BC27B37005A891B /* QuickSendComponent.swift in Sources */ = {isa = PBXBuildFile; fileRef = C5C2F3442BC27B37005A891B /* QuickSendComponent.swift */; };
		C5C2F3472BC2840B005A891B /* UserModel.swift in Sources */ = {isa = PBXBuildFile; fileRef = C5C2F3462BC2840B005A891B /* UserModel.swift */; };
		C5C2F3492BC29B3F005A891B /* HistoryComponent.swift in Sources */ = {isa = PBXBuildFile; fileRef = C5C2F3482BC29B3F005A891B /* HistoryComponent.swift */; };
		C5C2F34B2BC2B0C6005A891B /* PaymentHistoryModel.swift in Sources */ = {isa = PBXBuildFile; fileRef = C5C2F34A2BC2B0C6005A891B /* PaymentHistoryModel.swift */; };
		C5C2F34D2BC2B2E2005A891B /* HistoryTile.swift in Sources */ = {isa = PBXBuildFile; fileRef = C5C2F34C2BC2B2E2005A891B /* HistoryTile.swift */; };
		C5CB839B2BC154BB008798B0 /* TransferApp.swift in Sources */ = {isa = PBXBuildFile; fileRef = C5CB839A2BC154BB008798B0 /* TransferApp.swift */; };
		C5CB839D2BC154BB008798B0 /* ContentView.swift in Sources */ = {isa = PBXBuildFile; fileRef = C5CB839C2BC154BB008798B0 /* ContentView.swift */; };
		C5CB839F2BC154BC008798B0 /* Assets.xcassets in Resources */ = {isa = PBXBuildFile; fileRef = C5CB839E2BC154BC008798B0 /* Assets.xcassets */; };
		C5CB83A22BC154BC008798B0 /* Preview Assets.xcassets in Resources */ = {isa = PBXBuildFile; fileRef = C5CB83A12BC154BC008798B0 /* Preview Assets.xcassets */; };
		C5CB83B42BC15ACC008798B0 /* Poppins in Resources */ = {isa = PBXBuildFile; fileRef = C5CB83AD2BC155CB008798B0 /* Poppins */; };
		C5CB83B62BC15DF8008798B0 /* SplashScreenView.swift in Sources */ = {isa = PBXBuildFile; fileRef = C5CB83B52BC15DF8008798B0 /* SplashScreenView.swift */; };
		C5CB83B82BC15E69008798B0 /* Themes.swift in Sources */ = {isa = PBXBuildFile; fileRef = C5CB83B72BC15E69008798B0 /* Themes.swift */; };
		C5CB83BA2BC16869008798B0 /* MoneyViewComponent.swift in Sources */ = {isa = PBXBuildFile; fileRef = C5CB83B92BC16869008798B0 /* MoneyViewComponent.swift */; };
		C5E8E5132BC52B6A00ADB9BD /* PaymentScreenView.swift in Sources */ = {isa = PBXBuildFile; fileRef = C5E8E5122BC52B6A00ADB9BD /* PaymentScreenView.swift */; };
		C5E8E5152BC7DB2D00ADB9BD /* NumberPad.swift in Sources */ = {isa = PBXBuildFile; fileRef = C5E8E5142BC7DB2D00ADB9BD /* NumberPad.swift */; };
		C5E8E5172BC7DB5D00ADB9BD /* NumberKeys.swift in Sources */ = {isa = PBXBuildFile; fileRef = C5E8E5162BC7DB5D00ADB9BD /* NumberKeys.swift */; };
/* End PBXBuildFile section */

/* Begin PBXFileReference section */
		C5C2F33E2BC268B1005A891B /* CustomFonts.swift */ = {isa = PBXFileReference; lastKnownFileType = sourcecode.swift; path = CustomFonts.swift; sourceTree = "<group>"; };
		C5C2F3422BC27280005A891B /* CustomStyles.swift */ = {isa = PBXFileReference; lastKnownFileType = sourcecode.swift; path = CustomStyles.swift; sourceTree = "<group>"; };
		C5C2F3442BC27B37005A891B /* QuickSendComponent.swift */ = {isa = PBXFileReference; lastKnownFileType = sourcecode.swift; path = QuickSendComponent.swift; sourceTree = "<group>"; };
		C5C2F3462BC2840B005A891B /* UserModel.swift */ = {isa = PBXFileReference; lastKnownFileType = sourcecode.swift; path = UserModel.swift; sourceTree = "<group>"; };
		C5C2F3482BC29B3F005A891B /* HistoryComponent.swift */ = {isa = PBXFileReference; lastKnownFileType = sourcecode.swift; path = HistoryComponent.swift; sourceTree = "<group>"; };
		C5C2F34A2BC2B0C6005A891B /* PaymentHistoryModel.swift */ = {isa = PBXFileReference; lastKnownFileType = sourcecode.swift; path = PaymentHistoryModel.swift; sourceTree = "<group>"; };
		C5C2F34C2BC2B2E2005A891B /* HistoryTile.swift */ = {isa = PBXFileReference; lastKnownFileType = sourcecode.swift; path = HistoryTile.swift; sourceTree = "<group>"; };
		C5CB83972BC154BB008798B0 /* Transfer.app */ = {isa = PBXFileReference; explicitFileType = wrapper.application; includeInIndex = 0; path = Transfer.app; sourceTree = BUILT_PRODUCTS_DIR; };
		C5CB839A2BC154BB008798B0 /* TransferApp.swift */ = {isa = PBXFileReference; lastKnownFileType = sourcecode.swift; path = TransferApp.swift; sourceTree = "<group>"; };
		C5CB839C2BC154BB008798B0 /* ContentView.swift */ = {isa = PBXFileReference; lastKnownFileType = sourcecode.swift; path = ContentView.swift; sourceTree = "<group>"; };
		C5CB839E2BC154BC008798B0 /* Assets.xcassets */ = {isa = PBXFileReference; lastKnownFileType = folder.assetcatalog; path = Assets.xcassets; sourceTree = "<group>"; };
		C5CB83A12BC154BC008798B0 /* Preview Assets.xcassets */ = {isa = PBXFileReference; lastKnownFileType = folder.assetcatalog; path = "Preview Assets.xcassets"; sourceTree = "<group>"; };
		C5CB83AD2BC155CB008798B0 /* Poppins */ = {isa = PBXFileReference; lastKnownFileType = folder; path = Poppins; sourceTree = "<group>"; };
		C5CB83B12BC157F2008798B0 /* Info.plist */ = {isa = PBXFileReference; lastKnownFileType = text.plist; path = Info.plist; sourceTree = "<group>"; };
		C5CB83B52BC15DF8008798B0 /* SplashScreenView.swift */ = {isa = PBXFileReference; lastKnownFileType = sourcecode.swift; path = SplashScreenView.swift; sourceTree = "<group>"; };
		C5CB83B72BC15E69008798B0 /* Themes.swift */ = {isa = PBXFileReference; lastKnownFileType = sourcecode.swift; path = Themes.swift; sourceTree = "<group>"; };
		C5CB83B92BC16869008798B0 /* MoneyViewComponent.swift */ = {isa = PBXFileReference; lastKnownFileType = sourcecode.swift; path = MoneyViewComponent.swift; sourceTree = "<group>"; };
		C5E8E5122BC52B6A00ADB9BD /* PaymentScreenView.swift */ = {isa = PBXFileReference; lastKnownFileType = sourcecode.swift; path = PaymentScreenView.swift; sourceTree = "<group>"; };
		C5E8E5142BC7DB2D00ADB9BD /* NumberPad.swift */ = {isa = PBXFileReference; lastKnownFileType = sourcecode.swift; path = NumberPad.swift; sourceTree = "<group>"; };
		C5E8E5162BC7DB5D00ADB9BD /* NumberKeys.swift */ = {isa = PBXFileReference; lastKnownFileType = sourcecode.swift; path = NumberKeys.swift; sourceTree = "<group>"; };
/* End PBXFileReference section */

/* Begin PBXFrameworksBuildPhase section */
		C5CB83942BC154BB008798B0 /* Frameworks */ = {
			isa = PBXFrameworksBuildPhase;
			buildActionMask = 2147483647;
			files = (
			);
			runOnlyForDeploymentPostprocessing = 0;
		};
/* End PBXFrameworksBuildPhase section */

/* Begin PBXGroup section */
		C5CB838E2BC154BB008798B0 = {
			isa = PBXGroup;
			children = (
				C5CB83992BC154BB008798B0 /* Transfer */,
				C5CB83982BC154BB008798B0 /* Products */,
			);
			sourceTree = "<group>";
		};
		C5CB83982BC154BB008798B0 /* Products */ = {
			isa = PBXGroup;
			children = (
				C5CB83972BC154BB008798B0 /* Transfer.app */,
			);
			name = Products;
			sourceTree = "<group>";
		};
		C5CB83992BC154BB008798B0 /* Transfer */ = {
			isa = PBXGroup;
			children = (
				C5CB83B12BC157F2008798B0 /* Info.plist */,
				C5CB83AC2BC154EE008798B0 /* Fonts */,
				C5CB83AF2BC155DF008798B0 /* Utils */,
				C5CB83AA2BC154DB008798B0 /* Models */,
				C5CB83A92BC154D6008798B0 /* Components */,
				C5CB83A82BC154CD008798B0 /* Screens */,
				C5CB839A2BC154BB008798B0 /* TransferApp.swift */,
				C5CB839C2BC154BB008798B0 /* ContentView.swift */,
				C5CB839E2BC154BC008798B0 /* Assets.xcassets */,
				C5CB83A02BC154BC008798B0 /* Preview Content */,
			);
			path = Transfer;
			sourceTree = "<group>";
		};
		C5CB83A02BC154BC008798B0 /* Preview Content */ = {
			isa = PBXGroup;
			children = (
				C5CB83A12BC154BC008798B0 /* Preview Assets.xcassets */,
			);
			path = "Preview Content";
			sourceTree = "<group>";
		};
		C5CB83A82BC154CD008798B0 /* Screens */ = {
			isa = PBXGroup;
			children = (
				C5CB83B52BC15DF8008798B0 /* SplashScreenView.swift */,
				C5E8E5122BC52B6A00ADB9BD /* PaymentScreenView.swift */,
			);
			path = Screens;
			sourceTree = "<group>";
		};
		C5CB83A92BC154D6008798B0 /* Components */ = {
			isa = PBXGroup;
			children = (
				C5CB83B92BC16869008798B0 /* MoneyViewComponent.swift */,
				C5C2F3442BC27B37005A891B /* QuickSendComponent.swift */,
				C5C2F3482BC29B3F005A891B /* HistoryComponent.swift */,
				C5C2F34C2BC2B2E2005A891B /* HistoryTile.swift */,
				C5E8E5142BC7DB2D00ADB9BD /* NumberPad.swift */,
			);
			path = Components;
			sourceTree = "<group>";
		};
		C5CB83AA2BC154DB008798B0 /* Models */ = {
			isa = PBXGroup;
			children = (
				C5C2F3462BC2840B005A891B /* UserModel.swift */,
				C5C2F34A2BC2B0C6005A891B /* PaymentHistoryModel.swift */,
				C5E8E5162BC7DB5D00ADB9BD /* NumberKeys.swift */,
			);
			path = Models;
			sourceTree = "<group>";
		};
		C5CB83AC2BC154EE008798B0 /* Fonts */ = {
			isa = PBXGroup;
			children = (
				C5CB83AD2BC155CB008798B0 /* Poppins */,
			);
			path = Fonts;
			sourceTree = "<group>";
		};
		C5CB83AF2BC155DF008798B0 /* Utils */ = {
			isa = PBXGroup;
			children = (
				C5CB83B02BC155E2008798B0 /* Extenstions */,
				C5CB83B72BC15E69008798B0 /* Themes.swift */,
			);
			path = Utils;
			sourceTree = "<group>";
		};
		C5CB83B02BC155E2008798B0 /* Extenstions */ = {
			isa = PBXGroup;
			children = (
				C5C2F33E2BC268B1005A891B /* CustomFonts.swift */,
				C5C2F3422BC27280005A891B /* CustomStyles.swift */,
			);
			path = Extenstions;
			sourceTree = "<group>";
		};
/* End PBXGroup section */

/* Begin PBXNativeTarget section */
		C5CB83962BC154BB008798B0 /* Transfer */ = {
			isa = PBXNativeTarget;
			buildConfigurationList = C5CB83A52BC154BC008798B0 /* Build configuration list for PBXNativeTarget "Transfer" */;
			buildPhases = (
				C5CB83932BC154BB008798B0 /* Sources */,
				C5CB83942BC154BB008798B0 /* Frameworks */,
				C5CB83952BC154BB008798B0 /* Resources */,
			);
			buildRules = (
			);
			dependencies = (
			);
			name = Transfer;
			productName = Transfer;
			productReference = C5CB83972BC154BB008798B0 /* Transfer.app */;
			productType = "com.apple.product-type.application";
		};
/* End PBXNativeTarget section */

/* Begin PBXProject section */
		C5CB838F2BC154BB008798B0 /* Project object */ = {
			isa = PBXProject;
			attributes = {
				BuildIndependentTargetsInParallel = 1;
				LastSwiftUpdateCheck = 1530;
				LastUpgradeCheck = 1530;
				TargetAttributes = {
					C5CB83962BC154BB008798B0 = {
						CreatedOnToolsVersion = 15.3;
					};
				};
			};
			buildConfigurationList = C5CB83922BC154BB008798B0 /* Build configuration list for PBXProject "Transfer" */;
			compatibilityVersion = "Xcode 14.0";
			developmentRegion = en;
			hasScannedForEncodings = 0;
			knownRegions = (
				en,
				Base,
			);
			mainGroup = C5CB838E2BC154BB008798B0;
			productRefGroup = C5CB83982BC154BB008798B0 /* Products */;
			projectDirPath = "";
			projectRoot = "";
			targets = (
				C5CB83962BC154BB008798B0 /* Transfer */,
			);
		};
/* End PBXProject section */

/* Begin PBXResourcesBuildPhase section */
		C5CB83952BC154BB008798B0 /* Resources */ = {
			isa = PBXResourcesBuildPhase;
			buildActionMask = 2147483647;
			files = (
				C5CB83B42BC15ACC008798B0 /* Poppins in Resources */,
				C5CB83A22BC154BC008798B0 /* Preview Assets.xcassets in Resources */,
				C5CB839F2BC154BC008798B0 /* Assets.xcassets in Resources */,
			);
			runOnlyForDeploymentPostprocessing = 0;
		};
/* End PBXResourcesBuildPhase section */

/* Begin PBXSourcesBuildPhase section */
		C5CB83932BC154BB008798B0 /* Sources */ = {
			isa = PBXSourcesBuildPhase;
			buildActionMask = 2147483647;
			files = (
				C5C2F34D2BC2B2E2005A891B /* HistoryTile.swift in Sources */,
				C5CB839D2BC154BB008798B0 /* ContentView.swift in Sources */,
				C5CB83BA2BC16869008798B0 /* MoneyViewComponent.swift in Sources */,
				C5C2F34B2BC2B0C6005A891B /* PaymentHistoryModel.swift in Sources */,
				C5CB83B82BC15E69008798B0 /* Themes.swift in Sources */,
				C5E8E5132BC52B6A00ADB9BD /* PaymentScreenView.swift in Sources */,
				C5C2F33F2BC268B1005A891B /* CustomFonts.swift in Sources */,
				C5E8E5172BC7DB5D00ADB9BD /* NumberKeys.swift in Sources */,
				C5CB839B2BC154BB008798B0 /* TransferApp.swift in Sources */,
				C5E8E5152BC7DB2D00ADB9BD /* NumberPad.swift in Sources */,
				C5C2F3452BC27B37005A891B /* QuickSendComponent.swift in Sources */,
				C5C2F3492BC29B3F005A891B /* HistoryComponent.swift in Sources */,
				C5CB83B62BC15DF8008798B0 /* SplashScreenView.swift in Sources */,
				C5C2F3472BC2840B005A891B /* UserModel.swift in Sources */,
				C5C2F3432BC27280005A891B /* CustomStyles.swift in Sources */,
			);
			runOnlyForDeploymentPostprocessing = 0;
		};
/* End PBXSourcesBuildPhase section */

/* Begin XCBuildConfiguration section */
		C5CB83A32BC154BC008798B0 /* Debug */ = {
			isa = XCBuildConfiguration;
			buildSettings = {
				ALWAYS_SEARCH_USER_PATHS = NO;
				ASSETCATALOG_COMPILER_GENERATE_SWIFT_ASSET_SYMBOL_EXTENSIONS = YES;
				CLANG_ANALYZER_NONNULL = YES;
				CLANG_ANALYZER_NUMBER_OBJECT_CONVERSION = YES_AGGRESSIVE;
				CLANG_CXX_LANGUAGE_STANDARD = "gnu++20";
				CLANG_ENABLE_MODULES = YES;
				CLANG_ENABLE_OBJC_ARC = YES;
				CLANG_ENABLE_OBJC_WEAK = YES;
				CLANG_WARN_BLOCK_CAPTURE_AUTORELEASING = YES;
				CLANG_WARN_BOOL_CONVERSION = YES;
				CLANG_WARN_COMMA = YES;
				CLANG_WARN_CONSTANT_CONVERSION = YES;
				CLANG_WARN_DEPRECATED_OBJC_IMPLEMENTATIONS = YES;
				CLANG_WARN_DIRECT_OBJC_ISA_USAGE = YES_ERROR;
				CLANG_WARN_DOCUMENTATION_COMMENTS = YES;
				CLANG_WARN_EMPTY_BODY = YES;
				CLANG_WARN_ENUM_CONVERSION = YES;
				CLANG_WARN_INFINITE_RECURSION = YES;
				CLANG_WARN_INT_CONVERSION = YES;
				CLANG_WARN_NON_LITERAL_NULL_CONVERSION = YES;
				CLANG_WARN_OBJC_IMPLICIT_RETAIN_SELF = YES;
				CLANG_WARN_OBJC_LITERAL_CONVERSION = YES;
				CLANG_WARN_OBJC_ROOT_CLASS = YES_ERROR;
				CLANG_WARN_QUOTED_INCLUDE_IN_FRAMEWORK_HEADER = YES;
				CLANG_WARN_RANGE_LOOP_ANALYSIS = YES;
				CLANG_WARN_STRICT_PROTOTYPES = YES;
				CLANG_WARN_SUSPICIOUS_MOVE = YES;
				CLANG_WARN_UNGUARDED_AVAILABILITY = YES_AGGRESSIVE;
				CLANG_WARN_UNREACHABLE_CODE = YES;
				CLANG_WARN__DUPLICATE_METHOD_MATCH = YES;
				COPY_PHASE_STRIP = NO;
				DEBUG_INFORMATION_FORMAT = dwarf;
				ENABLE_STRICT_OBJC_MSGSEND = YES;
				ENABLE_TESTABILITY = YES;
				ENABLE_USER_SCRIPT_SANDBOXING = YES;
				GCC_C_LANGUAGE_STANDARD = gnu17;
				GCC_DYNAMIC_NO_PIC = NO;
				GCC_NO_COMMON_BLOCKS = YES;
				GCC_OPTIMIZATION_LEVEL = 0;
				GCC_PREPROCESSOR_DEFINITIONS = (
					"DEBUG=1",
					"$(inherited)",
				);
				GCC_WARN_64_TO_32_BIT_CONVERSION = YES;
				GCC_WARN_ABOUT_RETURN_TYPE = YES_ERROR;
				GCC_WARN_UNDECLARED_SELECTOR = YES;
				GCC_WARN_UNINITIALIZED_AUTOS = YES_AGGRESSIVE;
				GCC_WARN_UNUSED_FUNCTION = YES;
				GCC_WARN_UNUSED_VARIABLE = YES;
				IPHONEOS_DEPLOYMENT_TARGET = 17.4;
				LOCALIZATION_PREFERS_STRING_CATALOGS = YES;
				MTL_ENABLE_DEBUG_INFO = INCLUDE_SOURCE;
				MTL_FAST_MATH = YES;
				ONLY_ACTIVE_ARCH = YES;
				SDKROOT = iphoneos;
				SWIFT_ACTIVE_COMPILATION_CONDITIONS = "DEBUG $(inherited)";
				SWIFT_OPTIMIZATION_LEVEL = "-Onone";
			};
			name = Debug;
		};
		C5CB83A42BC154BC008798B0 /* Release */ = {
			isa = XCBuildConfiguration;
			buildSettings = {
				ALWAYS_SEARCH_USER_PATHS = NO;
				ASSETCATALOG_COMPILER_GENERATE_SWIFT_ASSET_SYMBOL_EXTENSIONS = YES;
				CLANG_ANALYZER_NONNULL = YES;
				CLANG_ANALYZER_NUMBER_OBJECT_CONVERSION = YES_AGGRESSIVE;
				CLANG_CXX_LANGUAGE_STANDARD = "gnu++20";
				CLANG_ENABLE_MODULES = YES;
				CLANG_ENABLE_OBJC_ARC = YES;
				CLANG_ENABLE_OBJC_WEAK = YES;
				CLANG_WARN_BLOCK_CAPTURE_AUTORELEASING = YES;
				CLANG_WARN_BOOL_CONVERSION = YES;
				CLANG_WARN_COMMA = YES;
				CLANG_WARN_CONSTANT_CONVERSION = YES;
				CLANG_WARN_DEPRECATED_OBJC_IMPLEMENTATIONS = YES;
				CLANG_WARN_DIRECT_OBJC_ISA_USAGE = YES_ERROR;
				CLANG_WARN_DOCUMENTATION_COMMENTS = YES;
				CLANG_WARN_EMPTY_BODY = YES;
				CLANG_WARN_ENUM_CONVERSION = YES;
				CLANG_WARN_INFINITE_RECURSION = YES;
				CLANG_WARN_INT_CONVERSION = YES;
				CLANG_WARN_NON_LITERAL_NULL_CONVERSION = YES;
				CLANG_WARN_OBJC_IMPLICIT_RETAIN_SELF = YES;
				CLANG_WARN_OBJC_LITERAL_CONVERSION = YES;
				CLANG_WARN_OBJC_ROOT_CLASS = YES_ERROR;
				CLANG_WARN_QUOTED_INCLUDE_IN_FRAMEWORK_HEADER = YES;
				CLANG_WARN_RANGE_LOOP_ANALYSIS = YES;
				CLANG_WARN_STRICT_PROTOTYPES = YES;
				CLANG_WARN_SUSPICIOUS_MOVE = YES;
				CLANG_WARN_UNGUARDED_AVAILABILITY = YES_AGGRESSIVE;
				CLANG_WARN_UNREACHABLE_CODE = YES;
				CLANG_WARN__DUPLICATE_METHOD_MATCH = YES;
				COPY_PHASE_STRIP = NO;
				DEBUG_INFORMATION_FORMAT = "dwarf-with-dsym";
				ENABLE_NS_ASSERTIONS = NO;
				ENABLE_STRICT_OBJC_MSGSEND = YES;
				ENABLE_USER_SCRIPT_SANDBOXING = YES;
				GCC_C_LANGUAGE_STANDARD = gnu17;
				GCC_NO_COMMON_BLOCKS = YES;
				GCC_WARN_64_TO_32_BIT_CONVERSION = YES;
				GCC_WARN_ABOUT_RETURN_TYPE = YES_ERROR;
				GCC_WARN_UNDECLARED_SELECTOR = YES;
				GCC_WARN_UNINITIALIZED_AUTOS = YES_AGGRESSIVE;
				GCC_WARN_UNUSED_FUNCTION = YES;
				GCC_WARN_UNUSED_VARIABLE = YES;
				IPHONEOS_DEPLOYMENT_TARGET = 17.4;
				LOCALIZATION_PREFERS_STRING_CATALOGS = YES;
				MTL_ENABLE_DEBUG_INFO = NO;
				MTL_FAST_MATH = YES;
				SDKROOT = iphoneos;
				SWIFT_COMPILATION_MODE = wholemodule;
				VALIDATE_PRODUCT = YES;
			};
			name = Release;
		};
		C5CB83A62BC154BC008798B0 /* Debug */ = {
			isa = XCBuildConfiguration;
			buildSettings = {
				ASSETCATALOG_COMPILER_APPICON_NAME = AppIcon;
				ASSETCATALOG_COMPILER_GLOBAL_ACCENT_COLOR_NAME = AccentColor;
				CODE_SIGN_IDENTITY = "Apple Development";
				CODE_SIGN_STYLE = Automatic;
				CURRENT_PROJECT_VERSION = 1;
				DEVELOPMENT_ASSET_PATHS = "\"Transfer/Preview Content\"";
				DEVELOPMENT_TEAM = F4B9M6MWDX;
				ENABLE_PREVIEWS = YES;
				GENERATE_INFOPLIST_FILE = YES;
				INFOPLIST_FILE = Transfer/Info.plist;
				INFOPLIST_KEY_CFBundleDisplayName = Transfer;
				INFOPLIST_KEY_LSApplicationCategoryType = "public.app-category.finance";
				INFOPLIST_KEY_UIApplicationSceneManifest_Generation = YES;
				INFOPLIST_KEY_UIApplicationSupportsIndirectInputEvents = YES;
				INFOPLIST_KEY_UILaunchScreen_Generation = YES;
				INFOPLIST_KEY_UIStatusBarStyle = UIStatusBarStyleLightContent;
				INFOPLIST_KEY_UISupportedInterfaceOrientations = "UIInterfaceOrientationLandscapeLeft UIInterfaceOrientationLandscapeRight UIInterfaceOrientationPortrait";
				INFOPLIST_KEY_UISupportedInterfaceOrientations_iPad = "UIInterfaceOrientationPortrait UIInterfaceOrientationPortraitUpsideDown";
				LD_RUNPATH_SEARCH_PATHS = (
					"$(inherited)",
					"@executable_path/Frameworks",
				);
				MARKETING_VERSION = 1.0;
				PRODUCT_BUNDLE_IDENTIFIER = com.icarus.Transfer;
				PRODUCT_NAME = "$(TARGET_NAME)";
				PROVISIONING_PROFILE_SPECIFIER = "";
				SUPPORTED_PLATFORMS = "iphoneos iphonesimulator";
				SUPPORTS_MACCATALYST = NO;
				SWIFT_EMIT_LOC_STRINGS = YES;
				SWIFT_VERSION = 5.0;
				TARGETED_DEVICE_FAMILY = 1;
			};
			name = Debug;
		};
		C5CB83A72BC154BC008798B0 /* Release */ = {
			isa = XCBuildConfiguration;
			buildSettings = {
				ASSETCATALOG_COMPILER_APPICON_NAME = AppIcon;
				ASSETCATALOG_COMPILER_GLOBAL_ACCENT_COLOR_NAME = AccentColor;
				CODE_SIGN_IDENTITY = "Apple Development";
				CODE_SIGN_STYLE = Automatic;
				CURRENT_PROJECT_VERSION = 1;
				DEVELOPMENT_ASSET_PATHS = "\"Transfer/Preview Content\"";
				DEVELOPMENT_TEAM = F4B9M6MWDX;
				ENABLE_PREVIEWS = YES;
				GENERATE_INFOPLIST_FILE = YES;
				INFOPLIST_FILE = Transfer/Info.plist;
				INFOPLIST_KEY_CFBundleDisplayName = Transfer;
				INFOPLIST_KEY_LSApplicationCategoryType = "public.app-category.finance";
				INFOPLIST_KEY_UIApplicationSceneManifest_Generation = YES;
				INFOPLIST_KEY_UIApplicationSupportsIndirectInputEvents = YES;
				INFOPLIST_KEY_UILaunchScreen_Generation = YES;
				INFOPLIST_KEY_UIStatusBarStyle = UIStatusBarStyleLightContent;
				INFOPLIST_KEY_UISupportedInterfaceOrientations = "UIInterfaceOrientationLandscapeLeft UIInterfaceOrientationLandscapeRight UIInterfaceOrientationPortrait";
				INFOPLIST_KEY_UISupportedInterfaceOrientations_iPad = "UIInterfaceOrientationPortrait UIInterfaceOrientationPortraitUpsideDown";
				LD_RUNPATH_SEARCH_PATHS = (
					"$(inherited)",
					"@executable_path/Frameworks",
				);
				MARKETING_VERSION = 1.0;
				PRODUCT_BUNDLE_IDENTIFIER = com.icarus.Transfer;
				PRODUCT_NAME = "$(TARGET_NAME)";
				PROVISIONING_PROFILE_SPECIFIER = "";
				SUPPORTED_PLATFORMS = "iphoneos iphonesimulator";
				SUPPORTS_MACCATALYST = NO;
				SWIFT_EMIT_LOC_STRINGS = YES;
				SWIFT_VERSION = 5.0;
				TARGETED_DEVICE_FAMILY = 1;
			};
			name = Release;
		};
/* End XCBuildConfiguration section */

/* Begin XCConfigurationList section */
		C5CB83922BC154BB008798B0 /* Build configuration list for PBXProject "Transfer" */ = {
			isa = XCConfigurationList;
			buildConfigurations = (
				C5CB83A32BC154BC008798B0 /* Debug */,
				C5CB83A42BC154BC008798B0 /* Release */,
			);
			defaultConfigurationIsVisible = 0;
			defaultConfigurationName = Release;
		};
		C5CB83A52BC154BC008798B0 /* Build configuration list for PBXNativeTarget "Transfer" */ = {
			isa = XCConfigurationList;
			buildConfigurations = (
				C5CB83A62BC154BC008798B0 /* Debug */,
				C5CB83A72BC154BC008798B0 /* Release */,
			);
			defaultConfigurationIsVisible = 0;
			defaultConfigurationName = Release;
		};
/* End XCConfigurationList section */
	};
	rootObject = C5CB838F2BC154BB008798B0 /* Project object */;
}
